
Microsoft Visual Studio Solution File, Format Version 12.00
# Visual Studio Version 17
VisualStudioVersion = 17.11.35312.102
MinimumVisualStudioVersion = 10.0.40219.1
Project("{FAE04EC0-301F-11D3-BF4B-00C04F79EFBC}") = "MVVM_implementacion_EMO.Android", "MVVM_implementacion_EMO.Android\MVVM_implementacion_EMO.Android.csproj", "{44DCC5FE-B32E-40F8-B681-F53939DA6A46}"
EndProject
Project("{FAE04EC0-301F-11D3-BF4B-00C04F79EFBC}") = "MVVM_implementacion_EMO.iOS", "MVVM_implementacion_EMO.iOS\MVVM_implementacion_EMO.iOS.csproj", "{0C670886-35F5-487D-AA40-B8F66F48ED42}"
EndProject
Project("{FAE04EC0-301F-11D3-BF4B-00C04F79EFBC}") = "MVVM_implementacion_EMO", "MVVM_implementacion_EMO\MVVM_implementacion_EMO.csproj", "{D8FFA33B-3A47-49A2-8935-20BA38998E05}"
EndProject
Global
	GlobalSection(SolutionConfigurationPlatforms) = preSolution
		Debug|Any CPU = Debug|Any CPU
		Debug|iPhone = Debug|iPhone
		Debug|iPhoneSimulator = Debug|iPhoneSimulator
		Release|Any CPU = Release|Any CPU
		Release|iPhone = Release|iPhone
		Release|iPhoneSimulator = Release|iPhoneSimulator
	EndGlobalSection
	GlobalSection(ProjectConfigurationPlatforms) = postSolution
		{44DCC5FE-B32E-40F8-B681-F53939DA6A46}.Debug|Any CPU.ActiveCfg = Debug|Any CPU
		{44DCC5FE-B32E-40F8-B681-F53939DA6A46}.Debug|Any CPU.Build.0 = Debug|Any CPU
		{44DCC5FE-B32E-40F8-B681-F53939DA6A46}.Debug|Any CPU.Deploy.0 = Debug|Any CPU
		{44DCC5FE-B32E-40F8-B681-F53939DA6A46}.Debug|iPhone.ActiveCfg = Debug|Any CPU
		{44DCC5FE-B32E-40F8-B681-F53939DA6A46}.Debug|iPhone.Build.0 = Debug|Any CPU
		{44DCC5FE-B32E-40F8-B681-F53939DA6A46}.Debug|iPhone.Deploy.0 = Debug|Any CPU
		{44DCC5FE-B32E-40F8-B681-F53939DA6A46}.Debug|iPhoneSimulator.ActiveCfg = Debug|Any CPU
		{44DCC5FE-B32E-40F8-B681-F53939DA6A46}.Debug|iPhoneSimulator.Build.0 = Debug|Any CPU
		{44DCC5FE-B32E-40F8-B681-F53939DA6A46}.Debug|iPhoneSimulator.Deploy.0 = Debug|Any CPU
		{44DCC5FE-B32E-40F8-B681-F53939DA6A46}.Release|Any CPU.ActiveCfg = Release|Any CPU
		{44DCC5FE-B32E-40F8-B681-F53939DA6A46}.Release|Any CPU.Build.0 = Release|Any CPU
		{44DCC5FE-B32E-40F8-B681-F53939DA6A46}.Release|Any CPU.Deploy.0 = Release|Any CPU
		{44DCC5FE-B32E-40F8-B681-F53939DA6A46}.Release|iPhone.ActiveCfg = Release|Any CPU
		{44DCC5FE-B32E-40F8-B681-F53939DA6A46}.Release|iPhone.Build.0 = Release|Any CPU
		{44DCC5FE-B32E-40F8-B681-F53939DA6A46}.Release|iPhone.Deploy.0 = Release|Any CPU
		{44DCC5FE-B32E-40F8-B681-F53939DA6A46}.Release|iPhoneSimulator.ActiveCfg = Release|Any CPU
		{44DCC5FE-B32E-40F8-B681-F53939DA6A46}.Release|iPhoneSimulator.Build.0 = Release|Any CPU
		{44DCC5FE-B32E-40F8-B681-F53939DA6A46}.Release|iPhoneSimulator.Deploy.0 = Release|Any CPU
		{0C670886-35F5-487D-AA40-B8F66F48ED42}.Debug|Any CPU.ActiveCfg = Debug|iPhone
		{0C670886-35F5-487D-AA40-B8F66F48ED42}.Debug|Any CPU.Build.0 = Debug|iPhone
		{0C670886-35F5-487D-AA40-B8F66F48ED42}.Debug|Any CPU.Deploy.0 = Debug|iPhone
		{0C670886-35F5-487D-AA40-B8F66F48ED42}.Debug|iPhone.ActiveCfg = Debug|iPhone
		{0C670886-35F5-487D-AA40-B8F66F48ED42}.Debug|iPhone.Build.0 = Debug|iPhone
		{0C670886-35F5-487D-AA40-B8F66F48ED42}.Debug|iPhone.Deploy.0 = Debug|iPhone
		{0C670886-35F5-487D-AA40-B8F66F48ED42}.Debug|iPhoneSimulator.ActiveCfg = Debug|iPhoneSimulator
		{0C670886-35F5-487D-AA40-B8F66F48ED42}.Debug|iPhoneSimulator.Build.0 = Debug|iPhoneSimulator
		{0C670886-35F5-487D-AA40-B8F66F48ED42}.Debug|iPhoneSimulator.Deploy.0 = Debug|iPhoneSimulator
		{0C670886-35F5-487D-AA40-B8F66F48ED42}.Release|Any CPU.ActiveCfg = Release|iPhoneSimulator
		{0C670886-35F5-487D-AA40-B8F66F48ED42}.Release|Any CPU.Build.0 = Release|iPhoneSimulator
		{0C670886-35F5-487D-AA40-B8F66F48ED42}.Release|Any CPU.Deploy.0 = Release|iPhoneSimulator
		{0C670886-35F5-487D-AA40-B8F66F48ED42}.Release|iPhone.ActiveCfg = Release|iPhone
		{0C670886-35F5-487D-AA40-B8F66F48ED42}.Release|iPhone.Build.0 = Release|iPhone
		{0C670886-35F5-487D-AA40-B8F66F48ED42}.Release|iPhone.Deploy.0 = Release|iPhone
		{0C670886-35F5-487D-AA40-B8F66F48ED42}.Release|iPhoneSimulator.ActiveCfg = Release|iPhoneSimulator
		{0C670886-35F5-487D-AA40-B8F66F48ED42}.Release|iPhoneSimulator.Build.0 = Release|iPhoneSimulator
		{0C670886-35F5-487D-AA40-B8F66F48ED42}.Release|iPhoneSimulator.Deploy.0 = Release|iPhoneSimulator
		{D8FFA33B-3A47-49A2-8935-20BA38998E05}.Debug|Any CPU.ActiveCfg = Debug|Any CPU
		{D8FFA33B-3A47-49A2-8935-20BA38998E05}.Debug|Any CPU.Build.0 = Debug|Any CPU
		{D8FFA33B-3A47-49A2-8935-20BA38998E05}.Debug|Any CPU.Deploy.0 = Debug|Any CPU
		{D8FFA33B-3A47-49A2-8935-20BA38998E05}.Debug|iPhone.ActiveCfg = Debug|Any CPU
		{D8FFA33B-3A47-49A2-8935-20BA38998E05}.Debug|iPhone.Build.0 = Debug|Any CPU
		{D8FFA33B-3A47-49A2-8935-20BA38998E05}.Debug|iPhone.Deploy.0 = Debug|Any CPU
		{D8FFA33B-3A47-49A2-8935-20BA38998E05}.Debug|iPhoneSimulator.ActiveCfg = Debug|Any CPU
		{D8FFA33B-3A47-49A2-8935-20BA38998E05}.Debug|iPhoneSimulator.Build.0 = Debug|Any CPU
		{D8FFA33B-3A47-49A2-8935-20BA38998E05}.Debug|iPhoneSimulator.Deploy.0 = Debug|Any CPU
		{D8FFA33B-3A47-49A2-8935-20BA38998E05}.Release|Any CPU.ActiveCfg = Release|Any CPU
		{D8FFA33B-3A47-49A2-8935-20BA38998E05}.Release|Any CPU.Build.0 = Release|Any CPU
		{D8FFA33B-3A47-49A2-8935-20BA38998E05}.Release|Any CPU.Deploy.0 = Release|Any CPU
		{D8FFA33B-3A47-49A2-8935-20BA38998E05}.Release|iPhone.ActiveCfg = Release|Any CPU
		{D8FFA33B-3A47-49A2-8935-20BA38998E05}.Release|iPhone.Build.0 = Release|Any CPU
		{D8FFA33B-3A47-49A2-8935-20BA38998E05}.Release|iPhone.Deploy.0 = Release|Any CPU
		{D8FFA33B-3A47-49A2-8935-20BA38998E05}.Release|iPhoneSimulator.ActiveCfg = Release|Any CPU
		{D8FFA33B-3A47-49A2-8935-20BA38998E05}.Release|iPhoneSimulator.Build.0 = Release|Any CPU
		{D8FFA33B-3A47-49A2-8935-20BA38998E05}.Release|iPhoneSimulator.Deploy.0 = Release|Any CPU
	EndGlobalSection
	GlobalSection(SolutionProperties) = preSolution
		HideSolutionNode = FALSE
	EndGlobalSection
	GlobalSection(ExtensibilityGlobals) = postSolution
		SolutionGuid = {83A0C10C-A902-429C-9334-7C96FE2F4F1F}
	EndGlobalSection
EndGlobal
